
Microsoft Visual Studio Solution File, Format Version 12.00
# Visual Studio Version 16
VisualStudioVersion = 16.0.32428.217
MinimumVisualStudioVersion = 10.0.40219.1
Project("{2150E333-8FDC-42A3-9474-1A3956D46DE8}") = "Lab1", "Lab1", "{64AC706A-D37D-45E1-AE85-93BBF8CC838C}"
EndProject
Project("{FAE04EC0-301F-11D3-BF4B-00C04F79EFBC}") = "Lab1", "Lab1\Lab1.csproj", "{8216DA35-D443-4043-9293-B8CA1BDD3C33}"
EndProject
Project("{FAE04EC0-301F-11D3-BF4B-00C04F79EFBC}") = "Lab1.Fractions", "Lab1.Fractions\Lab1.Fractions.csproj", "{877EFBFB-BD51-4112-9FF6-E0911F4B3D9D}"
EndProject
Project("{2150E333-8FDC-42A3-9474-1A3956D46DE8}") = "Lab2", "Lab2", "{CE06DE4C-4DF8-45F2-A02E-0BF7E249C267}"
EndProject
Project("{FAE04EC0-301F-11D3-BF4B-00C04F79EFBC}") = "Lab2", "Lab2\Lab2.csproj", "{A376A5B6-8272-4F83-83F5-E1857818AD0A}"
EndProject
Project("{FAE04EC0-301F-11D3-BF4B-00C04F79EFBC}") = "Lab2.Diamond", "Lab2.Diamond\Lab2.Diamond.csproj", "{FAC9B9AD-C790-4125-B863-8FF698FD3B85}"
EndProject
Project("{2150E333-8FDC-42A3-9474-1A3956D46DE8}") = "Lab3", "Lab3", "{23E584EC-D97D-46A8-9350-EB7E96151F18}"
EndProject
Project("{FAE04EC0-301F-11D3-BF4B-00C04F79EFBC}") = "Lab3", "Lab3\Lab3.csproj", "{5E1ABA4A-8F03-476D-9CB5-B60412135299}"
EndProject
Project("{FAE04EC0-301F-11D3-BF4B-00C04F79EFBC}") = "Lab3.Technique", "Lab3.Technique\Lab3.Technique.csproj", "{E7E0AB06-8FC1-4655-8F0D-65D900D5F8AB}"
EndProject
Project("{2150E333-8FDC-42A3-9474-1A3956D46DE8}") = "Lab4", "Lab4", "{A0750E77-12CD-4701-BADD-AC55945551EE}"
EndProject
Project("{FAE04EC0-301F-11D3-BF4B-00C04F79EFBC}") = "Lab4", "Lab4\Lab4.csproj", "{96136F53-0CCC-4449-8794-27A2E158FB41}"
EndProject
Project("{FAE04EC0-301F-11D3-BF4B-00C04F79EFBC}") = "Lab4.Techniques", "Lab4.Techniques\Lab4.Techniques.csproj", "{04A5C02F-98BA-4C1A-ADAC-7FAB42E7AB4A}"
EndProject
Project("{2150E333-8FDC-42A3-9474-1A3956D46DE8}") = "Lab5-6", "Lab5-6", "{4F94BD5D-7B4F-4F52-BC72-6A94D170DB59}"
EndProject
Project("{FAE04EC0-301F-11D3-BF4B-00C04F79EFBC}") = "Lab5-6", "Lab5-6\Lab5-6.csproj", "{44B350A2-21BD-413C-A222-A0EAE5EF43A9}"
EndProject
Project("{FAE04EC0-301F-11D3-BF4B-00C04F79EFBC}") = "Lab5-6.MilkFarm", "Lab5-6.MilkFarm\Lab5-6.MilkFarm.csproj", "{DE06D387-66AF-410B-A87E-079188D10D5B}"
EndProject
Project("{2150E333-8FDC-42A3-9474-1A3956D46DE8}") = "Lab5", "Lab5", "{EE6360C8-20DD-4793-BCFA-1AF5678ED9AC}"
EndProject
Project("{FAE04EC0-301F-11D3-BF4B-00C04F79EFBC}") = "Lab5", "Lab5\Lab5.csproj", "{8C0D62BE-2A5C-4605-853E-E8353B2889B2}"
EndProject
Project("{FAE04EC0-301F-11D3-BF4B-00C04F79EFBC}") = "Lab5.MilkFarm", "Lab5.MilkFarm\Lab5.MilkFarm.csproj", "{60CA4D47-D0C4-42E7-9549-9D98B74B3FCC}"
EndProject
Global
	GlobalSection(SolutionConfigurationPlatforms) = preSolution
		Debug|Any CPU = Debug|Any CPU
		Release|Any CPU = Release|Any CPU
	EndGlobalSection
	GlobalSection(ProjectConfigurationPlatforms) = postSolution
		{8216DA35-D443-4043-9293-B8CA1BDD3C33}.Debug|Any CPU.ActiveCfg = Debug|Any CPU
		{8216DA35-D443-4043-9293-B8CA1BDD3C33}.Debug|Any CPU.Build.0 = Debug|Any CPU
		{8216DA35-D443-4043-9293-B8CA1BDD3C33}.Release|Any CPU.ActiveCfg = Release|Any CPU
		{8216DA35-D443-4043-9293-B8CA1BDD3C33}.Release|Any CPU.Build.0 = Release|Any CPU
		{877EFBFB-BD51-4112-9FF6-E0911F4B3D9D}.Debug|Any CPU.ActiveCfg = Debug|Any CPU
		{877EFBFB-BD51-4112-9FF6-E0911F4B3D9D}.Debug|Any CPU.Build.0 = Debug|Any CPU
		{877EFBFB-BD51-4112-9FF6-E0911F4B3D9D}.Release|Any CPU.ActiveCfg = Release|Any CPU
		{877EFBFB-BD51-4112-9FF6-E0911F4B3D9D}.Release|Any CPU.Build.0 = Release|Any CPU
		{A376A5B6-8272-4F83-83F5-E1857818AD0A}.Debug|Any CPU.ActiveCfg = Debug|Any CPU
		{A376A5B6-8272-4F83-83F5-E1857818AD0A}.Debug|Any CPU.Build.0 = Debug|Any CPU
		{A376A5B6-8272-4F83-83F5-E1857818AD0A}.Release|Any CPU.ActiveCfg = Release|Any CPU
		{A376A5B6-8272-4F83-83F5-E1857818AD0A}.Release|Any CPU.Build.0 = Release|Any CPU
		{FAC9B9AD-C790-4125-B863-8FF698FD3B85}.Debug|Any CPU.ActiveCfg = Debug|Any CPU
		{FAC9B9AD-C790-4125-B863-8FF698FD3B85}.Debug|Any CPU.Build.0 = Debug|Any CPU
		{FAC9B9AD-C790-4125-B863-8FF698FD3B85}.Release|Any CPU.ActiveCfg = Release|Any CPU
		{FAC9B9AD-C790-4125-B863-8FF698FD3B85}.Release|Any CPU.Build.0 = Release|Any CPU
		{5E1ABA4A-8F03-476D-9CB5-B60412135299}.Debug|Any CPU.ActiveCfg = Debug|Any CPU
		{5E1ABA4A-8F03-476D-9CB5-B60412135299}.Debug|Any CPU.Build.0 = Debug|Any CPU
		{5E1ABA4A-8F03-476D-9CB5-B60412135299}.Release|Any CPU.ActiveCfg = Release|Any CPU
		{5E1ABA4A-8F03-476D-9CB5-B60412135299}.Release|Any CPU.Build.0 = Release|Any CPU
		{E7E0AB06-8FC1-4655-8F0D-65D900D5F8AB}.Debug|Any CPU.ActiveCfg = Debug|Any CPU
		{E7E0AB06-8FC1-4655-8F0D-65D900D5F8AB}.Debug|Any CPU.Build.0 = Debug|Any CPU
		{E7E0AB06-8FC1-4655-8F0D-65D900D5F8AB}.Release|Any CPU.ActiveCfg = Release|Any CPU
		{E7E0AB06-8FC1-4655-8F0D-65D900D5F8AB}.Release|Any CPU.Build.0 = Release|Any CPU
		{96136F53-0CCC-4449-8794-27A2E158FB41}.Debug|Any CPU.ActiveCfg = Debug|Any CPU
		{96136F53-0CCC-4449-8794-27A2E158FB41}.Debug|Any CPU.Build.0 = Debug|Any CPU
		{96136F53-0CCC-4449-8794-27A2E158FB41}.Release|Any CPU.ActiveCfg = Release|Any CPU
		{96136F53-0CCC-4449-8794-27A2E158FB41}.Release|Any CPU.Build.0 = Release|Any CPU
		{04A5C02F-98BA-4C1A-ADAC-7FAB42E7AB4A}.Debug|Any CPU.ActiveCfg = Debug|Any CPU
		{04A5C02F-98BA-4C1A-ADAC-7FAB42E7AB4A}.Debug|Any CPU.Build.0 = Debug|Any CPU
		{04A5C02F-98BA-4C1A-ADAC-7FAB42E7AB4A}.Release|Any CPU.ActiveCfg = Release|Any CPU
		{04A5C02F-98BA-4C1A-ADAC-7FAB42E7AB4A}.Release|Any CPU.Build.0 = Release|Any CPU
		{44B350A2-21BD-413C-A222-A0EAE5EF43A9}.Debug|Any CPU.ActiveCfg = Debug|Any CPU
		{44B350A2-21BD-413C-A222-A0EAE5EF43A9}.Debug|Any CPU.Build.0 = Debug|Any CPU
		{44B350A2-21BD-413C-A222-A0EAE5EF43A9}.Release|Any CPU.ActiveCfg = Release|Any CPU
		{44B350A2-21BD-413C-A222-A0EAE5EF43A9}.Release|Any CPU.Build.0 = Release|Any CPU
		{DE06D387-66AF-410B-A87E-079188D10D5B}.Debug|Any CPU.ActiveCfg = Debug|Any CPU
		{DE06D387-66AF-410B-A87E-079188D10D5B}.Debug|Any CPU.Build.0 = Debug|Any CPU
		{DE06D387-66AF-410B-A87E-079188D10D5B}.Release|Any CPU.ActiveCfg = Release|Any CPU
		{DE06D387-66AF-410B-A87E-079188D10D5B}.Release|Any CPU.Build.0 = Release|Any CPU
		{8C0D62BE-2A5C-4605-853E-E8353B2889B2}.Debug|Any CPU.ActiveCfg = Debug|Any CPU
		{8C0D62BE-2A5C-4605-853E-E8353B2889B2}.Debug|Any CPU.Build.0 = Debug|Any CPU
		{8C0D62BE-2A5C-4605-853E-E8353B2889B2}.Release|Any CPU.ActiveCfg = Release|Any CPU
		{8C0D62BE-2A5C-4605-853E-E8353B2889B2}.Release|Any CPU.Build.0 = Release|Any CPU
		{60CA4D47-D0C4-42E7-9549-9D98B74B3FCC}.Debug|Any CPU.ActiveCfg = Debug|Any CPU
		{60CA4D47-D0C4-42E7-9549-9D98B74B3FCC}.Debug|Any CPU.Build.0 = Debug|Any CPU
		{60CA4D47-D0C4-42E7-9549-9D98B74B3FCC}.Release|Any CPU.ActiveCfg = Release|Any CPU
		{60CA4D47-D0C4-42E7-9549-9D98B74B3FCC}.Release|Any CPU.Build.0 = Release|Any CPU
	EndGlobalSection
	GlobalSection(SolutionProperties) = preSolution
		HideSolutionNode = FALSE
	EndGlobalSection
	GlobalSection(NestedProjects) = preSolution
		{8216DA35-D443-4043-9293-B8CA1BDD3C33} = {64AC706A-D37D-45E1-AE85-93BBF8CC838C}
		{877EFBFB-BD51-4112-9FF6-E0911F4B3D9D} = {64AC706A-D37D-45E1-AE85-93BBF8CC838C}
		{A376A5B6-8272-4F83-83F5-E1857818AD0A} = {CE06DE4C-4DF8-45F2-A02E-0BF7E249C267}
		{FAC9B9AD-C790-4125-B863-8FF698FD3B85} = {CE06DE4C-4DF8-45F2-A02E-0BF7E249C267}
		{5E1ABA4A-8F03-476D-9CB5-B60412135299} = {23E584EC-D97D-46A8-9350-EB7E96151F18}
		{E7E0AB06-8FC1-4655-8F0D-65D900D5F8AB} = {23E584EC-D97D-46A8-9350-EB7E96151F18}
		{96136F53-0CCC-4449-8794-27A2E158FB41} = {A0750E77-12CD-4701-BADD-AC55945551EE}
		{04A5C02F-98BA-4C1A-ADAC-7FAB42E7AB4A} = {A0750E77-12CD-4701-BADD-AC55945551EE}
		{44B350A2-21BD-413C-A222-A0EAE5EF43A9} = {4F94BD5D-7B4F-4F52-BC72-6A94D170DB59}
		{DE06D387-66AF-410B-A87E-079188D10D5B} = {4F94BD5D-7B4F-4F52-BC72-6A94D170DB59}
		{8C0D62BE-2A5C-4605-853E-E8353B2889B2} = {EE6360C8-20DD-4793-BCFA-1AF5678ED9AC}
		{60CA4D47-D0C4-42E7-9549-9D98B74B3FCC} = {EE6360C8-20DD-4793-BCFA-1AF5678ED9AC}
	EndGlobalSection
	GlobalSection(ExtensibilityGlobals) = postSolution
		SolutionGuid = {2D5FDF01-D10E-465D-9D0A-7D5C319FC622}
	EndGlobalSection
EndGlobal
